{
  "name": "server",
  "lockfileVersion": 2,
  "requires": true,
  "packages": {
    "": {
      "dependencies": {
        "normalize.css": "^8.0.1",
        "yaml": "2.0.0-8"
      }
    },
    "node_modules/normalize.css": {
      "version": "8.0.1",
      "resolved": "https://registry.npmjs.org/normalize.css/-/normalize.css-8.0.1.tgz",
      "integrity": "sha512-qizSNPO93t1YUuUhP22btGOo3chcvDFqFaj2TRybP0DMxkHOCTYwp3n34fel4a31ORXy4m1Xq0Gyqpb5m33qIg=="
    },
    "node_modules/yaml": {
      "version": "2.0.0-8",
      "resolved": "https://registry.npmjs.org/yaml/-/yaml-2.0.0-8.tgz",
      "integrity": "sha512-QaYgJZMfWD6fKN/EYMk6w1oLWPCr1xj9QaPSZW5qkDb3y8nGCXhy2Ono+AF4F+CSL/vGcqswcAT0BaS//pgD2A==",
      "engines": {
        "node": ">= 12"
      }
    }
  },
  "dependencies": {
    "normalize.css": {
      "version": "8.0.1",
      "resolved": "https://registry.npmjs.org/normalize.css/-/normalize.css-8.0.1.tgz",
      "integrity": "sha512-qizSNPO93t1YUuUhP22btGOo3chcvDFqFaj2TRybP0DMxkHOCTYwp3n34fel4a31ORXy4m1Xq0Gyqpb5m33qIg=="
    },
    "yaml": {
      "version": "2.0.0-8",
      "resolved": "https://registry.npmjs.org/yaml/-/yaml-2.0.0-8.tgz",
      "integrity": "sha512-QaYgJZMfWD6fKN/EYMk6w1oLWPCr1xj9QaPSZW5qkDb3y8nGCXhy2Ono+AF4F+CSL/vGcqswcAT0BaS//pgD2A=="
    }
  }
}
